// !$*UTF8*$!
{
	archiveVersion = 1;
	classes = {
	};
	objectVersion = 77;
	objects = {

/* Begin PBXBuildFile section */
		110910FF9B56F77D57F2BFCE /* GlobalModel.swift in Sources */ = {isa = PBXBuildFile; fileRef = 0022369AA8C7A1C5D91EBF94 /* GlobalModel.swift */; };
		18C1A7695438BEC38408C768 /* Preview Assets.xcassets in Resources */ = {isa = PBXBuildFile; fileRef = 0B401534AD37D838AA9B5A60 /* Preview Assets.xcassets */; };
		351C3DAE423EA025FD8CD086 /* StatusDataModel.swift in Sources */ = {isa = PBXBuildFile; fileRef = CDA9C6FA41F91307CC26CC82 /* StatusDataModel.swift */; };
		3CA4E9B67FC3BEF7F53DE411 /* StatusBarView.swift in Sources */ = {isa = PBXBuildFile; fileRef = B7BF572DB43FB64590A52C78 /* StatusBarView.swift */; };
		403DD76556F421C4383180FB /* Network.swift in Sources */ = {isa = PBXBuildFile; fileRef = B4DE4AB076FAF20A640BD23F /* Network.swift */; };
		47BB0E5A5A06A259F5A60930 /* MenuItem.swift in Sources */ = {isa = PBXBuildFile; fileRef = 7D087345A4276425E5C66002 /* MenuItem.swift */; };
		47E3ABDEBFE7000CE5F116FC /* Store.swift in Sources */ = {isa = PBXBuildFile; fileRef = 748FB46B5B1D40583CCBFC28 /* Store.swift */; };
		4C5971DF435E26F48866D29B /* ContentView.swift in Sources */ = {isa = PBXBuildFile; fileRef = 5C5BBF936E71BDC274DA2015 /* ContentView.swift */; };
		7A1983D97A841B400C97C921 /* ProcessEntity.swift in Sources */ = {isa = PBXBuildFile; fileRef = CFEBA748A68F38F9678D3C65 /* ProcessEntity.swift */; };
		9419659EEBE860E8E43AD67B /* ListViewModel.swift in Sources */ = {isa = PBXBuildFile; fileRef = CB270FCE9653D5465B9967DE /* ListViewModel.swift */; };
		9BD14EA0943240F218E8154F /* Main.storyboard in Resources */ = {isa = PBXBuildFile; fileRef = F7073581DC3527238C3C97F5 /* Main.storyboard */; };
		B2D8BF451CC944FE4FFF61CD /* Utils.swift in Sources */ = {isa = PBXBuildFile; fileRef = 3D30F89C22ACDFD9102801CD /* Utils.swift */; };
		C17313D7F40F6AA244E2B66E /* AppDelegate.swift in Sources */ = {isa = PBXBuildFile; fileRef = 5E88E37B0EA128E65459AEE5 /* AppDelegate.swift */; };
		D854C7C07782DAFA709E5C66 /* Assets.xcassets in Resources */ = {isa = PBXBuildFile; fileRef = 8DC67E0DE60F9255C3A54E63 /* Assets.xcassets */; };
		ED92E8103B5EA56B695BE2EE /* NettopRunner.swift in Sources */ = {isa = PBXBuildFile; fileRef = B30BFFD61518831774A91BFE /* NettopRunner.swift */; };
/* End PBXBuildFile section */

/* Begin PBXFileReference section */
		0022369AA8C7A1C5D91EBF94 /* GlobalModel.swift */ = {isa = PBXFileReference; lastKnownFileType = sourcecode.swift; path = GlobalModel.swift; sourceTree = "<group>"; };
		0B401534AD37D838AA9B5A60 /* Preview Assets.xcassets */ = {isa = PBXFileReference; lastKnownFileType = folder.assetcatalog; path = "Preview Assets.xcassets"; sourceTree = "<group>"; };
		3D30F89C22ACDFD9102801CD /* Utils.swift */ = {isa = PBXFileReference; lastKnownFileType = sourcecode.swift; path = Utils.swift; sourceTree = "<group>"; };
		4B40D6B010727301F2E83F30 /* ITrafficMonitorForMac.app */ = {isa = PBXFileReference; explicitFileType = wrapper.application; includeInIndex = 0; path = ITrafficMonitorForMac.app; sourceTree = BUILT_PRODUCTS_DIR; };
		5C5BBF936E71BDC274DA2015 /* ContentView.swift */ = {isa = PBXFileReference; lastKnownFileType = sourcecode.swift; path = ContentView.swift; sourceTree = "<group>"; };
		5E88E37B0EA128E65459AEE5 /* AppDelegate.swift */ = {isa = PBXFileReference; lastKnownFileType = sourcecode.swift; path = AppDelegate.swift; sourceTree = "<group>"; };
		748FB46B5B1D40583CCBFC28 /* Store.swift */ = {isa = PBXFileReference; lastKnownFileType = sourcecode.swift; path = Store.swift; sourceTree = "<group>"; };
		7D087345A4276425E5C66002 /* MenuItem.swift */ = {isa = PBXFileReference; lastKnownFileType = sourcecode.swift; path = MenuItem.swift; sourceTree = "<group>"; };
		8DC67E0DE60F9255C3A54E63 /* Assets.xcassets */ = {isa = PBXFileReference; lastKnownFileType = folder.assetcatalog; path = Assets.xcassets; sourceTree = "<group>"; };
		B30BFFD61518831774A91BFE /* NettopRunner.swift */ = {isa = PBXFileReference; lastKnownFileType = sourcecode.swift; path = NettopRunner.swift; sourceTree = "<group>"; };
		B4DE4AB076FAF20A640BD23F /* Network.swift */ = {isa = PBXFileReference; lastKnownFileType = sourcecode.swift; path = Network.swift; sourceTree = "<group>"; };
		B7BF572DB43FB64590A52C78 /* StatusBarView.swift */ = {isa = PBXFileReference; lastKnownFileType = sourcecode.swift; path = StatusBarView.swift; sourceTree = "<group>"; };
		CB270FCE9653D5465B9967DE /* ListViewModel.swift */ = {isa = PBXFileReference; lastKnownFileType = sourcecode.swift; path = ListViewModel.swift; sourceTree = "<group>"; };
		CDA9C6FA41F91307CC26CC82 /* StatusDataModel.swift */ = {isa = PBXFileReference; lastKnownFileType = sourcecode.swift; path = StatusDataModel.swift; sourceTree = "<group>"; };
		CFEBA748A68F38F9678D3C65 /* ProcessEntity.swift */ = {isa = PBXFileReference; lastKnownFileType = sourcecode.swift; path = ProcessEntity.swift; sourceTree = "<group>"; };
		F7073581DC3527238C3C97F5 /* Main.storyboard */ = {isa = PBXFileReference; lastKnownFileType = file.storyboard; path = Main.storyboard; sourceTree = "<group>"; };
/* End PBXFileReference section */

/* Begin PBXGroup section */
		1084C47DA714E5ED8C50E54D /* Model */ = {
			isa = PBXGroup;
			children = (
				0022369AA8C7A1C5D91EBF94 /* GlobalModel.swift */,
				CB270FCE9653D5465B9967DE /* ListViewModel.swift */,
				CDA9C6FA41F91307CC26CC82 /* StatusDataModel.swift */,
			);
			path = Model;
			sourceTree = "<group>";
		};
		4120213D73F4C876D85E3432 = {
			isa = PBXGroup;
			children = (
				EF39391080CA161F19472EC7 /* ITrafficMonitorForMac */,
				C7F7F27CEDA49B8A0BBE19D9 /* Products */,
			);
			sourceTree = "<group>";
		};
		93A1FCAC2059C9BA4F8137C5 /* Base.lproj */ = {
			isa = PBXGroup;
			children = (
				F7073581DC3527238C3C97F5 /* Main.storyboard */,
			);
			path = Base.lproj;
			sourceTree = "<group>";
		};
		B04E2F28E667BBA2ADAE07F6 /* Service */ = {
			isa = PBXGroup;
			children = (
				B30BFFD61518831774A91BFE /* NettopRunner.swift */,
			);
			path = Service;
			sourceTree = "<group>";
		};
		BBD02EC3A58E02C9B9D09A87 /* Preview Content */ = {
			isa = PBXGroup;
			children = (
				0B401534AD37D838AA9B5A60 /* Preview Assets.xcassets */,
			);
			path = "Preview Content";
			sourceTree = "<group>";
		};
		C7F7F27CEDA49B8A0BBE19D9 /* Products */ = {
			isa = PBXGroup;
			children = (
				4B40D6B010727301F2E83F30 /* ITrafficMonitorForMac.app */,
			);
			name = Products;
			sourceTree = "<group>";
		};
		EF39391080CA161F19472EC7 /* ITrafficMonitorForMac */ = {
			isa = PBXGroup;
			children = (
				5E88E37B0EA128E65459AEE5 /* AppDelegate.swift */,
				8DC67E0DE60F9255C3A54E63 /* Assets.xcassets */,
				5C5BBF936E71BDC274DA2015 /* ContentView.swift */,
				7D087345A4276425E5C66002 /* MenuItem.swift */,
				B4DE4AB076FAF20A640BD23F /* Network.swift */,
				CFEBA748A68F38F9678D3C65 /* ProcessEntity.swift */,
				B7BF572DB43FB64590A52C78 /* StatusBarView.swift */,
				748FB46B5B1D40583CCBFC28 /* Store.swift */,
				3D30F89C22ACDFD9102801CD /* Utils.swift */,
				93A1FCAC2059C9BA4F8137C5 /* Base.lproj */,
				1084C47DA714E5ED8C50E54D /* Model */,
				BBD02EC3A58E02C9B9D09A87 /* Preview Content */,
				B04E2F28E667BBA2ADAE07F6 /* Service */,
			);
			path = ITrafficMonitorForMac;
			sourceTree = "<group>";
		};
/* End PBXGroup section */

/* Begin PBXNativeTarget section */
		B91A63F9A62F17B369E63010 /* ITrafficMonitorForMac */ = {
			isa = PBXNativeTarget;
			buildConfigurationList = 75C9A71D11EC35D6C7949D7B /* Build configuration list for PBXNativeTarget "ITrafficMonitorForMac" */;
			buildPhases = (
				74E32290B52B752623434B72 /* Sources */,
				C78C930AAB59283154CF3E9C /* Resources */,
			);
			buildRules = (
			);
			dependencies = (
			);
			name = ITrafficMonitorForMac;
			packageProductDependencies = (
			);
			productName = ITrafficMonitorForMac;
			productReference = 4B40D6B010727301F2E83F30 /* ITrafficMonitorForMac.app */;
			productType = "com.apple.product-type.application";
		};
/* End PBXNativeTarget section */

/* Begin PBXProject section */
		4184C0D57DEBE4C65CED13DD /* Project object */ = {
			isa = PBXProject;
			attributes = {
				BuildIndependentTargetsInParallel = YES;
				LastUpgradeCheck = 1430;
				TargetAttributes = {
					B91A63F9A62F17B369E63010 = {
						ProvisioningStyle = Automatic;
					};
				};
			};
			buildConfigurationList = 969B2988406CD78CE4DD735A /* Build configuration list for PBXProject "ITrafficMonitorForMac" */;
			compatibilityVersion = "Xcode 14.0";
			developmentRegion = en;
			hasScannedForEncodings = 0;
			knownRegions = (
				Base,
				en,
			);
			mainGroup = 4120213D73F4C876D85E3432;
			minimizedProjectReferenceProxies = 1;
			preferredProjectObjectVersion = 77;
			projectDirPath = "";
			projectRoot = "";
			targets = (
				B91A63F9A62F17B369E63010 /* ITrafficMonitorForMac */,
			);
		};
/* End PBXProject section */

/* Begin PBXResourcesBuildPhase section */
		C78C930AAB59283154CF3E9C /* Resources */ = {
			isa = PBXResourcesBuildPhase;
			buildActionMask = 2147483647;
			files = (
				D854C7C07782DAFA709E5C66 /* Assets.xcassets in Resources */,
				9BD14EA0943240F218E8154F /* Main.storyboard in Resources */,
				18C1A7695438BEC38408C768 /* Preview Assets.xcassets in Resources */,
			);
			runOnlyForDeploymentPostprocessing = 0;
		};
/* End PBXResourcesBuildPhase section */

/* Begin PBXSourcesBuildPhase section */
		74E32290B52B752623434B72 /* Sources */ = {
			isa = PBXSourcesBuildPhase;
			buildActionMask = 2147483647;
			files = (
				C17313D7F40F6AA244E2B66E /* AppDelegate.swift in Sources */,
				4C5971DF435E26F48866D29B /* ContentView.swift in Sources */,
				110910FF9B56F77D57F2BFCE /* GlobalModel.swift in Sources */,
				9419659EEBE860E8E43AD67B /* ListViewModel.swift in Sources */,
				47BB0E5A5A06A259F5A60930 /* MenuItem.swift in Sources */,
				ED92E8103B5EA56B695BE2EE /* NettopRunner.swift in Sources */,
				403DD76556F421C4383180FB /* Network.swift in Sources */,
				7A1983D97A841B400C97C921 /* ProcessEntity.swift in Sources */,
				3CA4E9B67FC3BEF7F53DE411 /* StatusBarView.swift in Sources */,
				351C3DAE423EA025FD8CD086 /* StatusDataModel.swift in Sources */,
				47E3ABDEBFE7000CE5F116FC /* Store.swift in Sources */,
				B2D8BF451CC944FE4FFF61CD /* Utils.swift in Sources */,
			);
			runOnlyForDeploymentPostprocessing = 0;
		};
/* End PBXSourcesBuildPhase section */

/* Begin XCBuildConfiguration section */
		32F0BF9CDC67926FFCA4625A /* Release */ = {
			isa = XCBuildConfiguration;
			buildSettings = {
				ALWAYS_SEARCH_USER_PATHS = NO;
				CLANG_ANALYZER_NONNULL = YES;
				CLANG_ANALYZER_NUMBER_OBJECT_CONVERSION = YES_AGGRESSIVE;
				CLANG_CXX_LANGUAGE_STANDARD = "gnu++14";
				CLANG_CXX_LIBRARY = "libc++";
				CLANG_ENABLE_MODULES = YES;
				CLANG_ENABLE_OBJC_ARC = YES;
				CLANG_ENABLE_OBJC_WEAK = YES;
				CLANG_WARN_BLOCK_CAPTURE_AUTORELEASING = YES;
				CLANG_WARN_BOOL_CONVERSION = YES;
				CLANG_WARN_COMMA = YES;
				CLANG_WARN_CONSTANT_CONVERSION = YES;
				CLANG_WARN_DEPRECATED_OBJC_IMPLEMENTATIONS = YES;
				CLANG_WARN_DIRECT_OBJC_ISA_USAGE = YES_ERROR;
				CLANG_WARN_DOCUMENTATION_COMMENTS = YES;
				CLANG_WARN_EMPTY_BODY = YES;
				CLANG_WARN_ENUM_CONVERSION = YES;
				CLANG_WARN_INFINITE_RECURSION = YES;
				CLANG_WARN_INT_CONVERSION = YES;
				CLANG_WARN_NON_LITERAL_NULL_CONVERSION = YES;
				CLANG_WARN_OBJC_IMPLICIT_RETAIN_SELF = YES;
				CLANG_WARN_OBJC_LITERAL_CONVERSION = YES;
				CLANG_WARN_OBJC_ROOT_CLASS = YES_ERROR;
				CLANG_WARN_QUOTED_INCLUDE_IN_FRAMEWORK_HEADER = YES;
				CLANG_WARN_RANGE_LOOP_ANALYSIS = YES;
				CLANG_WARN_STRICT_PROTOTYPES = YES;
				CLANG_WARN_SUSPICIOUS_MOVE = YES;
				CLANG_WARN_UNGUARDED_AVAILABILITY = YES_AGGRESSIVE;
				CLANG_WARN_UNREACHABLE_CODE = YES;
				CLANG_WARN__DUPLICATE_METHOD_MATCH = YES;
				COPY_PHASE_STRIP = NO;
				DEBUG_INFORMATION_FORMAT = "dwarf-with-dsym";
				ENABLE_NS_ASSERTIONS = NO;
				ENABLE_STRICT_OBJC_MSGSEND = YES;
				GCC_C_LANGUAGE_STANDARD = gnu11;
				GCC_NO_COMMON_BLOCKS = YES;
				GCC_WARN_64_TO_32_BIT_CONVERSION = YES;
				GCC_WARN_ABOUT_RETURN_TYPE = YES_ERROR;
				GCC_WARN_UNDECLARED_SELECTOR = YES;
				GCC_WARN_UNINITIALIZED_AUTOS = YES_AGGRESSIVE;
				GCC_WARN_UNUSED_FUNCTION = YES;
				GCC_WARN_UNUSED_VARIABLE = YES;
				MACOSX_DEPLOYMENT_TARGET = 10.15;
				MTL_ENABLE_DEBUG_INFO = NO;
				MTL_FAST_MATH = YES;
				PRODUCT_NAME = ITraffic;
				SDKROOT = macosx;
				SWIFT_COMPILATION_MODE = wholemodule;
				SWIFT_OPTIMIZATION_LEVEL = "-O";
				SWIFT_VERSION = 5.0;
			};
			name = Release;
		};
		77C2F783C1D53F764FA9F779 /* Release */ = {
			isa = XCBuildConfiguration;
			buildSettings = {
				ASSETCATALOG_COMPILER_APPICON_NAME = AppIcon;
				ASSETCATALOG_COMPILER_GLOBAL_ACCENT_COLOR_NAME = AccentColor;
				CODE_SIGN_ENTITLEMENTS = ITrafficMonitorForMac/ITrafficMonitorForMac.entitlements;
				CODE_SIGN_IDENTITY = "-";
				CODE_SIGN_STYLE = Automatic;
				COMBINE_HIDPI_IMAGES = YES;
				CURRENT_PROJECT_VERSION = 7;
				DEVELOPMENT_ASSET_PATHS = "\"ITrafficMonitorForMac/Preview Content\"";
				ENABLE_PREVIEWS = YES;
				INFOPLIST_FILE = ITrafficMonitorForMac/Info.plist;
				LD_RUNPATH_SEARCH_PATHS = (
					"$(inherited)",
					"@executable_path/../Frameworks",
				);
				MACOSX_DEPLOYMENT_TARGET = 10.15;
				MARKETING_VERSION = 0.2.0;
				PRODUCT_BUNDLE_IDENTIFIER = com.foamzou.ITrafficMonitorForMac;
				SDKROOT = macosx;
				SWIFT_VERSION = 5.0;
			};
			name = Release;
		};
		F0C30C9025184B966C3609AB /* Debug */ = {
			isa = XCBuildConfiguration;
			buildSettings = {
				ASSETCATALOG_COMPILER_APPICON_NAME = AppIcon;
				ASSETCATALOG_COMPILER_GLOBAL_ACCENT_COLOR_NAME = AccentColor;
				CODE_SIGN_ENTITLEMENTS = ITrafficMonitorForMac/ITrafficMonitorForMac.entitlements;
				CODE_SIGN_IDENTITY = "-";
				CODE_SIGN_STYLE = Automatic;
				COMBINE_HIDPI_IMAGES = YES;
				CURRENT_PROJECT_VERSION = 7;
				DEVELOPMENT_ASSET_PATHS = "\"ITrafficMonitorForMac/Preview Content\"";
				ENABLE_PREVIEWS = YES;
				INFOPLIST_FILE = ITrafficMonitorForMac/Info.plist;
				LD_RUNPATH_SEARCH_PATHS = (
					"$(inherited)",
					"@executable_path/../Frameworks",
				);
				MACOSX_DEPLOYMENT_TARGET = 10.15;
				MARKETING_VERSION = 0.2.0;
				PRODUCT_BUNDLE_IDENTIFIER = com.foamzou.ITrafficMonitorForMac;
				SDKROOT = macosx;
				SWIFT_VERSION = 5.0;
			};
			name = Debug;
		};
		F9635368DE7D686D57917958 /* Debug */ = {
			isa = XCBuildConfiguration;
			buildSettings = {
				ALWAYS_SEARCH_USER_PATHS = NO;
				CLANG_ANALYZER_NONNULL = YES;
				CLANG_ANALYZER_NUMBER_OBJECT_CONVERSION = YES_AGGRESSIVE;
				CLANG_CXX_LANGUAGE_STANDARD = "gnu++14";
				CLANG_CXX_LIBRARY = "libc++";
				CLANG_ENABLE_MODULES = YES;
				CLANG_ENABLE_OBJC_ARC = YES;
				CLANG_ENABLE_OBJC_WEAK = YES;
				CLANG_WARN_BLOCK_CAPTURE_AUTORELEASING = YES;
				CLANG_WARN_BOOL_CONVERSION = YES;
				CLANG_WARN_COMMA = YES;
				CLANG_WARN_CONSTANT_CONVERSION = YES;
				CLANG_WARN_DEPRECATED_OBJC_IMPLEMENTATIONS = YES;
				CLANG_WARN_DIRECT_OBJC_ISA_USAGE = YES_ERROR;
				CLANG_WARN_DOCUMENTATION_COMMENTS = YES;
				CLANG_WARN_EMPTY_BODY = YES;
				CLANG_WARN_ENUM_CONVERSION = YES;
				CLANG_WARN_INFINITE_RECURSION = YES;
				CLANG_WARN_INT_CONVERSION = YES;
				CLANG_WARN_NON_LITERAL_NULL_CONVERSION = YES;
				CLANG_WARN_OBJC_IMPLICIT_RETAIN_SELF = YES;
				CLANG_WARN_OBJC_LITERAL_CONVERSION = YES;
				CLANG_WARN_OBJC_ROOT_CLASS = YES_ERROR;
				CLANG_WARN_QUOTED_INCLUDE_IN_FRAMEWORK_HEADER = YES;
				CLANG_WARN_RANGE_LOOP_ANALYSIS = YES;
				CLANG_WARN_STRICT_PROTOTYPES = YES;
				CLANG_WARN_SUSPICIOUS_MOVE = YES;
				CLANG_WARN_UNGUARDED_AVAILABILITY = YES_AGGRESSIVE;
				CLANG_WARN_UNREACHABLE_CODE = YES;
				CLANG_WARN__DUPLICATE_METHOD_MATCH = YES;
				COPY_PHASE_STRIP = NO;
				DEBUG_INFORMATION_FORMAT = dwarf;
				ENABLE_STRICT_OBJC_MSGSEND = YES;
				ENABLE_TESTABILITY = YES;
				GCC_C_LANGUAGE_STANDARD = gnu11;
				GCC_DYNAMIC_NO_PIC = NO;
				GCC_NO_COMMON_BLOCKS = YES;
				GCC_OPTIMIZATION_LEVEL = 0;
				GCC_PREPROCESSOR_DEFINITIONS = (
					"$(inherited)",
					"DEBUG=1",
				);
				GCC_WARN_64_TO_32_BIT_CONVERSION = YES;
				GCC_WARN_ABOUT_RETURN_TYPE = YES_ERROR;
				GCC_WARN_UNDECLARED_SELECTOR = YES;
				GCC_WARN_UNINITIALIZED_AUTOS = YES_AGGRESSIVE;
				GCC_WARN_UNUSED_FUNCTION = YES;
				GCC_WARN_UNUSED_VARIABLE = YES;
				MACOSX_DEPLOYMENT_TARGET = 10.15;
				MTL_ENABLE_DEBUG_INFO = INCLUDE_SOURCE;
				MTL_FAST_MATH = YES;
				ONLY_ACTIVE_ARCH = YES;
				PRODUCT_NAME = ITraffic;
				SDKROOT = macosx;
				SWIFT_ACTIVE_COMPILATION_CONDITIONS = DEBUG;
				SWIFT_OPTIMIZATION_LEVEL = "-Onone";
				SWIFT_VERSION = 5.0;
			};
			name = Debug;
		};
/* End XCBuildConfiguration section */

/* Begin XCConfigurationList section */
		75C9A71D11EC35D6C7949D7B /* Build configuration list for PBXNativeTarget "ITrafficMonitorForMac" */ = {
			isa = XCConfigurationList;
			buildConfigurations = (
				F0C30C9025184B966C3609AB /* Debug */,
				77C2F783C1D53F764FA9F779 /* Release */,
			);
			defaultConfigurationIsVisible = 0;
			defaultConfigurationName = Debug;
		};
		969B2988406CD78CE4DD735A /* Build configuration list for PBXProject "ITrafficMonitorForMac" */ = {
			isa = XCConfigurationList;
			buildConfigurations = (
				F9635368DE7D686D57917958 /* Debug */,
				32F0BF9CDC67926FFCA4625A /* Release */,
			);
			defaultConfigurationIsVisible = 0;
			defaultConfigurationName = Debug;
		};
/* End XCConfigurationList section */
	};
	rootObject = 4184C0D57DEBE4C65CED13DD /* Project object */;
}
